
Microsoft Visual Studio Solution File, Format Version 12.00
# Visual Studio 15
VisualStudioVersion = 15.0.28307.572
MinimumVisualStudioVersion = 10.0.40219.1
Project("{FAE04EC0-301F-11D3-BF4B-00C04F79EFBC}") = "IdeaClass", "IdeaClass\IdeaClass.csproj", "{79954E8A-3B8E-4713-80E5-108171D9DE7B}"
EndProject
Project("{FAE04EC0-301F-11D3-BF4B-00C04F79EFBC}") = "IDEA", "IDEA\IDEA.csproj", "{70E89F7E-1325-47C4-8352-DA0137E012A2}"
EndProject
Global
	GlobalSection(SolutionConfigurationPlatforms) = preSolution
		Debug|Any CPU = Debug|Any CPU
		Release|Any CPU = Release|Any CPU
	EndGlobalSection
	GlobalSection(ProjectConfigurationPlatforms) = postSolution
		{79954E8A-3B8E-4713-80E5-108171D9DE7B}.Debug|Any CPU.ActiveCfg = Debug|Any CPU
		{79954E8A-3B8E-4713-80E5-108171D9DE7B}.Debug|Any CPU.Build.0 = Debug|Any CPU
		{79954E8A-3B8E-4713-80E5-108171D9DE7B}.Release|Any CPU.ActiveCfg = Release|Any CPU
		{79954E8A-3B8E-4713-80E5-108171D9DE7B}.Release|Any CPU.Build.0 = Release|Any CPU
		{70E89F7E-1325-47C4-8352-DA0137E012A2}.Debug|Any CPU.ActiveCfg = Debug|Any CPU
		{70E89F7E-1325-47C4-8352-DA0137E012A2}.Debug|Any CPU.Build.0 = Debug|Any CPU
		{70E89F7E-1325-47C4-8352-DA0137E012A2}.Release|Any CPU.ActiveCfg = Release|Any CPU
		{70E89F7E-1325-47C4-8352-DA0137E012A2}.Release|Any CPU.Build.0 = Release|Any CPU
	EndGlobalSection
	GlobalSection(SolutionProperties) = preSolution
		HideSolutionNode = FALSE
	EndGlobalSection
	GlobalSection(ExtensibilityGlobals) = postSolution
		SolutionGuid = {79B8EED4-EA75-4C05-A4E4-E074C60B7574}
	EndGlobalSection
EndGlobal
